<?xml version="1.0" encoding="utf-8"?>
<Project ToolsVersion="4.0" xmlns="http://schemas.microsoft.com/developer/msbuild/2003">
  <ItemGroup>
    <Filter Include="Source Files">
      <UniqueIdentifier>{4FC737F1-C7A5-4376-A066-2A32D752A2FF}</UniqueIdentifier>
      <Extensions>cpp;c;cc;cxx;def;odl;idl;hpj;bat;asm;asmx</Extensions>
    </Filter>
    <Filter Include="Header Files">
      <UniqueIdentifier>{93995380-89BD-4b04-88EB-625FBE52EBFB}</UniqueIdentifier>
      <Extensions>h;hh;hpp;hxx;hm;inl;inc;xsd</Extensions>
    </Filter>
    <Filter Include="Resource Files">
      <UniqueIdentifier>{67DA6AB6-F800-4c08-8B7A-83BB121AAD01}</UniqueIdentifier>
      <Extensions>rc;ico;cur;bmp;dlg;rc2;rct;bin;rgs;gif;jpg;jpeg;jpe;resx;tiff;tif;png;wav;mfcribbon-ms</Extensions>
    </Filter>
    <Filter Include="Source Files\additional_utils">
      <UniqueIdentifier>{be440fbc-acb3-4f34-aa4f-760a2128b417}</UniqueIdentifier>
    </Filter>
    <Filter Include="Header Files\additional_utils">
      <UniqueIdentifier>{307c73a4-fb91-4c34-9647-eb8fbd4d0afa}</UniqueIdentifier>
    </Filter>
    <Filter Include="Source Files\cuda">
      <UniqueIdentifier>{36e86ca8-3790-4e5a-9bb3-5c83bfe2640d}</UniqueIdentifier>
    </Filter>
  </ItemGroup>
  <ItemGroup>
    <ClInclude Include="..\include\nanoflann.h">
      <Filter>Header Files</Filter>
    </ClInclude>
    <ClInclude Include="..\include\NativeUtils\icp.h">
      <Filter>Header Files</Filter>
    </ClInclude>
    <ClInclude Include="..\include\NativeUtils\depthprocessing.h">
      <Filter>Header Files</Filter>
    </ClInclude>
    <ClInclude Include="..\include\NativeUtils\meshGenerator.h">
      <Filter>Header Files</Filter>
    </ClInclude>
    <ClInclude Include="..\include\NativeUtils\colorcorrection.h">
      <Filter>Header Files</Filter>
    </ClInclude>
    <ClInclude Include="..\include\NativeUtils\pgm.h">
      <Filter>Header Files\additional_utils</Filter>
    </ClInclude>
    <ClInclude Include="..\include\NativeUtils\fileutils.h">
      <Filter>Header Files\additional_utils</Filter>
    </ClInclude>
    <ClInclude Include="..\include\NativeUtils\simplegraphic.h">
      <Filter>Header Files\additional_utils</Filter>
    </ClInclude>
    <ClInclude Include="..\include\NativeUtils\simpleimage.h">
      <Filter>Header Files\additional_utils</Filter>
    </ClInclude>
    <ClInclude Include="..\include\NativeUtils\simplerect.h">
      <Filter>Header Files\additional_utils</Filter>
    </ClInclude>
    <ClInclude Include="..\include\NativeUtils\simplepoint.h">
      <Filter>Source Files\additional_utils</Filter>
    </ClInclude>
    <ClInclude Include="..\include\NativeUtils\mesh.h">
      <Filter>Header Files</Filter>
    </ClInclude>
    <ClInclude Include="..\include\NativeUtils\cameraparameters.h">
      <Filter>Header Files</Filter>
    </ClInclude>
  </ItemGroup>
  <ItemGroup>
    <ClCompile Include="..\src\NativeUtils\icp.cpp">
      <Filter>Source Files</Filter>
    </ClCompile>
    <ClCompile Include="..\src\NativeUtils\main.cpp">
      <Filter>Source Files</Filter>
    </ClCompile>
    <ClCompile Include="..\src\NativeUtils\depthprocessing.cpp">
      <Filter>Source Files</Filter>
    </ClCompile>
    <ClCompile Include="..\src\NativeUtils\meshGenerator.cpp">
      <Filter>Source Files</Filter>
    </ClCompile>
    <ClCompile Include="..\src\NativeUtils\colorcorrection.cpp">
      <Filter>Source Files</Filter>
    </ClCompile>
    <ClCompile Include="..\src\NativeUtils\pgm.cpp">
      <Filter>Source Files\additional_utils</Filter>
    </ClCompile>
    <ClCompile Include="..\src\NativeUtils\fileutils.cpp">
      <Filter>Source Files\additional_utils</Filter>
    </ClCompile>
    <ClCompile Include="..\src\NativeUtils\simplegraphic.cpp">
      <Filter>Source Files\additional_utils</Filter>
    </ClCompile>
    <ClCompile Include="..\src\NativeUtils\simpleimage.cpp">
      <Filter>Source Files\additional_utils</Filter>
    </ClCompile>
  </ItemGroup>
  <ItemGroup>
    <None Include="cudepthprocessing.cu">
      <Filter>Source Files\cuda</Filter>
    </None>
  </ItemGroup>
</Project>